// !$*UTF8*$!
{
	archiveVersion = 1;
	classes = {
	};
	objectVersion = 50;
	objects = {

/* Begin PBXBuildFile section */
		2A6D5AEE500EE709D27CFADE /* Pods_TennisMatchUITests.framework in Frameworks */ = {isa = PBXBuildFile; fileRef = 1C37CC61072D18043C8B5BA4 /* Pods_TennisMatchUITests.framework */; };
		A82FD7481B5AB19B134998D5 /* Pods_TennisMatchTests.framework in Frameworks */ = {isa = PBXBuildFile; fileRef = 92E925710823AC3CA9713E22 /* Pods_TennisMatchTests.framework */; };
		C539872C21BA7BF000DAEEC8 /* blue-blurred-background.jpg in Resources */ = {isa = PBXBuildFile; fileRef = C539872B21BA7BF000DAEEC8 /* blue-blurred-background.jpg */; };
		C539873021BA86D900DAEEC8 /* Login.storyboard in Resources */ = {isa = PBXBuildFile; fileRef = C539872F21BA86D900DAEEC8 /* Login.storyboard */; };
		C5DA53DF219EDB950022A3B6 /* AppDelegate.swift in Sources */ = {isa = PBXBuildFile; fileRef = C5DA53DE219EDB950022A3B6 /* AppDelegate.swift */; };
		C5DA53E4219EDB950022A3B6 /* Main.storyboard in Resources */ = {isa = PBXBuildFile; fileRef = C5DA53E2219EDB950022A3B6 /* Main.storyboard */; };
		C5DA53E6219EDB960022A3B6 /* Assets.xcassets in Resources */ = {isa = PBXBuildFile; fileRef = C5DA53E5219EDB960022A3B6 /* Assets.xcassets */; };
		C5DA53E9219EDB960022A3B6 /* LaunchScreen.storyboard in Resources */ = {isa = PBXBuildFile; fileRef = C5DA53E7219EDB960022A3B6 /* LaunchScreen.storyboard */; };
		C5DA53F4219EDB960022A3B6 /* TennisMatchTests.swift in Sources */ = {isa = PBXBuildFile; fileRef = C5DA53F3219EDB960022A3B6 /* TennisMatchTests.swift */; };
		C5DA53FF219EDB960022A3B6 /* TennisMatchUITests.swift in Sources */ = {isa = PBXBuildFile; fileRef = C5DA53FE219EDB960022A3B6 /* TennisMatchUITests.swift */; };
		C5DA540D219EDD1A0022A3B6 /* GoogleService-Info.plist in Resources */ = {isa = PBXBuildFile; fileRef = C5DA540C219EDD1A0022A3B6 /* GoogleService-Info.plist */; };
		C5DA5415219EE0010022A3B6 /* InviteContentsViewController.swift in Sources */ = {isa = PBXBuildFile; fileRef = C5DA5414219EE0010022A3B6 /* InviteContentsViewController.swift */; };
		C5DA5417219EE00A0022A3B6 /* PostViewController.swift in Sources */ = {isa = PBXBuildFile; fileRef = C5DA5416219EE00A0022A3B6 /* PostViewController.swift */; };
		C5DA5419219EE0240022A3B6 /* SearchViewController.swift in Sources */ = {isa = PBXBuildFile; fileRef = C5DA5418219EE0240022A3B6 /* SearchViewController.swift */; };
		C5DA541B219EE04C0022A3B6 /* SearchViewControllerTableViewCell.swift in Sources */ = {isa = PBXBuildFile; fileRef = C5DA541A219EE04C0022A3B6 /* SearchViewControllerTableViewCell.swift */; };
		C5DA541D219EE0690022A3B6 /* JoinViewController.swift in Sources */ = {isa = PBXBuildFile; fileRef = C5DA541C219EE0690022A3B6 /* JoinViewController.swift */; };
		C5DA541F219EE0870022A3B6 /* Post.swift in Sources */ = {isa = PBXBuildFile; fileRef = C5DA541E219EE0870022A3B6 /* Post.swift */; };
		C5F831FD21E8989F0048AEFF /* TestLoginViewController.swift in Sources */ = {isa = PBXBuildFile; fileRef = C5F831FC21E8989F0048AEFF /* TestLoginViewController.swift */; };
		C5F831FF21E8B14A0048AEFF /* LoginViewControllerS.swift in Sources */ = {isa = PBXBuildFile; fileRef = C5F831FE21E8B14A0048AEFF /* LoginViewControllerS.swift */; };
		DFDBDB84A63F8B256F923147 /* Pods_TennisMatch.framework in Frameworks */ = {isa = PBXBuildFile; fileRef = F6364B585C1B103359F92075 /* Pods_TennisMatch.framework */; };
/* End PBXBuildFile section */

/* Begin PBXContainerItemProxy section */
		C5DA53F0219EDB960022A3B6 /* PBXContainerItemProxy */ = {
			isa = PBXContainerItemProxy;
			containerPortal = C5DA53D3219EDB950022A3B6 /* Project object */;
			proxyType = 1;
			remoteGlobalIDString = C5DA53DA219EDB950022A3B6;
			remoteInfo = TennisMatch;
		};
		C5DA53FB219EDB960022A3B6 /* PBXContainerItemProxy */ = {
			isa = PBXContainerItemProxy;
			containerPortal = C5DA53D3219EDB950022A3B6 /* Project object */;
			proxyType = 1;
			remoteGlobalIDString = C5DA53DA219EDB950022A3B6;
			remoteInfo = TennisMatch;
		};
/* End PBXContainerItemProxy section */

/* Begin PBXFileReference section */
		1C37CC61072D18043C8B5BA4 /* Pods_TennisMatchUITests.framework */ = {isa = PBXFileReference; explicitFileType = wrapper.framework; includeInIndex = 0; path = Pods_TennisMatchUITests.framework; sourceTree = BUILT_PRODUCTS_DIR; };
		236791B27DA4E72CB658DE69 /* Pods-TennisMatchUITests.release.xcconfig */ = {isa = PBXFileReference; includeInIndex = 1; lastKnownFileType = text.xcconfig; name = "Pods-TennisMatchUITests.release.xcconfig"; path = "Pods/Target Support Files/Pods-TennisMatchUITests/Pods-TennisMatchUITests.release.xcconfig"; sourceTree = "<group>"; };
		58FCF754487CFF72182DE9A8 /* Pods-TennisMatchTests.release.xcconfig */ = {isa = PBXFileReference; includeInIndex = 1; lastKnownFileType = text.xcconfig; name = "Pods-TennisMatchTests.release.xcconfig"; path = "Pods/Target Support Files/Pods-TennisMatchTests/Pods-TennisMatchTests.release.xcconfig"; sourceTree = "<group>"; };
		6320D7CBE5A2ED00EEA4E340 /* Pods-TennisMatchUITests.debug.xcconfig */ = {isa = PBXFileReference; includeInIndex = 1; lastKnownFileType = text.xcconfig; name = "Pods-TennisMatchUITests.debug.xcconfig"; path = "Pods/Target Support Files/Pods-TennisMatchUITests/Pods-TennisMatchUITests.debug.xcconfig"; sourceTree = "<group>"; };
		894B4B3705FE66EFA6AF0194 /* Pods-TennisMatchTests.debug.xcconfig */ = {isa = PBXFileReference; includeInIndex = 1; lastKnownFileType = text.xcconfig; name = "Pods-TennisMatchTests.debug.xcconfig"; path = "Pods/Target Support Files/Pods-TennisMatchTests/Pods-TennisMatchTests.debug.xcconfig"; sourceTree = "<group>"; };
		92E925710823AC3CA9713E22 /* Pods_TennisMatchTests.framework */ = {isa = PBXFileReference; explicitFileType = wrapper.framework; includeInIndex = 0; path = Pods_TennisMatchTests.framework; sourceTree = BUILT_PRODUCTS_DIR; };
		B1B441FA534F1267A86F3399 /* Pods-TennisMatch.debug.xcconfig */ = {isa = PBXFileReference; includeInIndex = 1; lastKnownFileType = text.xcconfig; name = "Pods-TennisMatch.debug.xcconfig"; path = "Pods/Target Support Files/Pods-TennisMatch/Pods-TennisMatch.debug.xcconfig"; sourceTree = "<group>"; };
		C539872B21BA7BF000DAEEC8 /* blue-blurred-background.jpg */ = {isa = PBXFileReference; lastKnownFileType = image.jpeg; path = "blue-blurred-background.jpg"; sourceTree = SOURCE_ROOT; };
		C539872F21BA86D900DAEEC8 /* Login.storyboard */ = {isa = PBXFileReference; lastKnownFileType = file.storyboard; path = Login.storyboard; sourceTree = "<group>"; };
		C55AB7E921B14C0C00AD84E0 /* TennisMatch.entitlements */ = {isa = PBXFileReference; lastKnownFileType = text.plist.entitlements; path = TennisMatch.entitlements; sourceTree = "<group>"; };
		C5DA53DB219EDB950022A3B6 /* TennisMatch.app */ = {isa = PBXFileReference; explicitFileType = wrapper.application; includeInIndex = 0; path = TennisMatch.app; sourceTree = BUILT_PRODUCTS_DIR; };
		C5DA53DE219EDB950022A3B6 /* AppDelegate.swift */ = {isa = PBXFileReference; lastKnownFileType = sourcecode.swift; path = AppDelegate.swift; sourceTree = "<group>"; };
		C5DA53E3219EDB950022A3B6 /* Base */ = {isa = PBXFileReference; lastKnownFileType = file.storyboard; name = Base; path = Base.lproj/Main.storyboard; sourceTree = "<group>"; };
		C5DA53E5219EDB960022A3B6 /* Assets.xcassets */ = {isa = PBXFileReference; lastKnownFileType = folder.assetcatalog; path = Assets.xcassets; sourceTree = "<group>"; };
		C5DA53E8219EDB960022A3B6 /* Base */ = {isa = PBXFileReference; lastKnownFileType = file.storyboard; name = Base; path = Base.lproj/LaunchScreen.storyboard; sourceTree = "<group>"; };
		C5DA53EA219EDB960022A3B6 /* Info.plist */ = {isa = PBXFileReference; lastKnownFileType = text.plist.xml; path = Info.plist; sourceTree = "<group>"; };
		C5DA53EF219EDB960022A3B6 /* TennisMatchTests.xctest */ = {isa = PBXFileReference; explicitFileType = wrapper.cfbundle; includeInIndex = 0; path = TennisMatchTests.xctest; sourceTree = BUILT_PRODUCTS_DIR; };
		C5DA53F3219EDB960022A3B6 /* TennisMatchTests.swift */ = {isa = PBXFileReference; lastKnownFileType = sourcecode.swift; path = TennisMatchTests.swift; sourceTree = "<group>"; };
		C5DA53F5219EDB960022A3B6 /* Info.plist */ = {isa = PBXFileReference; lastKnownFileType = text.plist.xml; path = Info.plist; sourceTree = "<group>"; };
		C5DA53FA219EDB960022A3B6 /* TennisMatchUITests.xctest */ = {isa = PBXFileReference; explicitFileType = wrapper.cfbundle; includeInIndex = 0; path = TennisMatchUITests.xctest; sourceTree = BUILT_PRODUCTS_DIR; };
		C5DA53FE219EDB960022A3B6 /* TennisMatchUITests.swift */ = {isa = PBXFileReference; lastKnownFileType = sourcecode.swift; path = TennisMatchUITests.swift; sourceTree = "<group>"; };
		C5DA5400219EDB960022A3B6 /* Info.plist */ = {isa = PBXFileReference; lastKnownFileType = text.plist.xml; path = Info.plist; sourceTree = "<group>"; };
		C5DA540C219EDD1A0022A3B6 /* GoogleService-Info.plist */ = {isa = PBXFileReference; fileEncoding = 4; lastKnownFileType = text.plist.xml; path = "GoogleService-Info.plist"; sourceTree = SOURCE_ROOT; };
		C5DA5414219EE0010022A3B6 /* InviteContentsViewController.swift */ = {isa = PBXFileReference; lastKnownFileType = sourcecode.swift; path = InviteContentsViewController.swift; sourceTree = "<group>"; };
		C5DA5416219EE00A0022A3B6 /* PostViewController.swift */ = {isa = PBXFileReference; lastKnownFileType = sourcecode.swift; path = PostViewController.swift; sourceTree = "<group>"; };
		C5DA5418219EE0240022A3B6 /* SearchViewController.swift */ = {isa = PBXFileReference; lastKnownFileType = sourcecode.swift; path = SearchViewController.swift; sourceTree = "<group>"; };
		C5DA541A219EE04C0022A3B6 /* SearchViewControllerTableViewCell.swift */ = {isa = PBXFileReference; lastKnownFileType = sourcecode.swift; path = SearchViewControllerTableViewCell.swift; sourceTree = "<group>"; };
		C5DA541C219EE0690022A3B6 /* JoinViewController.swift */ = {isa = PBXFileReference; lastKnownFileType = sourcecode.swift; path = JoinViewController.swift; sourceTree = "<group>"; };
		C5DA541E219EE0870022A3B6 /* Post.swift */ = {isa = PBXFileReference; lastKnownFileType = sourcecode.swift; path = Post.swift; sourceTree = "<group>"; };
		C5F831FC21E8989F0048AEFF /* TestLoginViewController.swift */ = {isa = PBXFileReference; lastKnownFileType = sourcecode.swift; path = TestLoginViewController.swift; sourceTree = "<group>"; };
		C5F831FE21E8B14A0048AEFF /* LoginViewControllerS.swift */ = {isa = PBXFileReference; lastKnownFileType = sourcecode.swift; path = LoginViewControllerS.swift; sourceTree = "<group>"; };
		EF1889851E0116FE6415377F /* Pods-TennisMatch.release.xcconfig */ = {isa = PBXFileReference; includeInIndex = 1; lastKnownFileType = text.xcconfig; name = "Pods-TennisMatch.release.xcconfig"; path = "Pods/Target Support Files/Pods-TennisMatch/Pods-TennisMatch.release.xcconfig"; sourceTree = "<group>"; };
		F6364B585C1B103359F92075 /* Pods_TennisMatch.framework */ = {isa = PBXFileReference; explicitFileType = wrapper.framework; includeInIndex = 0; path = Pods_TennisMatch.framework; sourceTree = BUILT_PRODUCTS_DIR; };
/* End PBXFileReference section */

/* Begin PBXFrameworksBuildPhase section */
		C5DA53D8219EDB950022A3B6 /* Frameworks */ = {
			isa = PBXFrameworksBuildPhase;
			buildActionMask = 2147483647;
			files = (
				DFDBDB84A63F8B256F923147 /* Pods_TennisMatch.framework in Frameworks */,
			);
			runOnlyForDeploymentPostprocessing = 0;
		};
		C5DA53EC219EDB960022A3B6 /* Frameworks */ = {
			isa = PBXFrameworksBuildPhase;
			buildActionMask = 2147483647;
			files = (
				A82FD7481B5AB19B134998D5 /* Pods_TennisMatchTests.framework in Frameworks */,
			);
			runOnlyForDeploymentPostprocessing = 0;
		};
		C5DA53F7219EDB960022A3B6 /* Frameworks */ = {
			isa = PBXFrameworksBuildPhase;
			buildActionMask = 2147483647;
			files = (
				2A6D5AEE500EE709D27CFADE /* Pods_TennisMatchUITests.framework in Frameworks */,
			);
			runOnlyForDeploymentPostprocessing = 0;
		};
/* End PBXFrameworksBuildPhase section */

/* Begin PBXGroup section */
		3E4920F275B541B6FE985A63 /* Frameworks */ = {
			isa = PBXGroup;
			children = (
				F6364B585C1B103359F92075 /* Pods_TennisMatch.framework */,
				92E925710823AC3CA9713E22 /* Pods_TennisMatchTests.framework */,
				1C37CC61072D18043C8B5BA4 /* Pods_TennisMatchUITests.framework */,
			);
			name = Frameworks;
			sourceTree = "<group>";
		};
		5E66706CBE091B75E41EA69A /* Pods */ = {
			isa = PBXGroup;
			children = (
				B1B441FA534F1267A86F3399 /* Pods-TennisMatch.debug.xcconfig */,
				EF1889851E0116FE6415377F /* Pods-TennisMatch.release.xcconfig */,
				894B4B3705FE66EFA6AF0194 /* Pods-TennisMatchTests.debug.xcconfig */,
				58FCF754487CFF72182DE9A8 /* Pods-TennisMatchTests.release.xcconfig */,
				6320D7CBE5A2ED00EEA4E340 /* Pods-TennisMatchUITests.debug.xcconfig */,
				236791B27DA4E72CB658DE69 /* Pods-TennisMatchUITests.release.xcconfig */,
			);
			name = Pods;
			sourceTree = "<group>";
		};
		C5DA53D2219EDB950022A3B6 = {
			isa = PBXGroup;
			children = (
				C5DA53DD219EDB950022A3B6 /* TennisMatch */,
				C5DA53F2219EDB960022A3B6 /* TennisMatchTests */,
				C5DA53FD219EDB960022A3B6 /* TennisMatchUITests */,
				C5DA53DC219EDB950022A3B6 /* Products */,
				5E66706CBE091B75E41EA69A /* Pods */,
				3E4920F275B541B6FE985A63 /* Frameworks */,
			);
			sourceTree = "<group>";
		};
		C5DA53DC219EDB950022A3B6 /* Products */ = {
			isa = PBXGroup;
			children = (
				C5DA53DB219EDB950022A3B6 /* TennisMatch.app */,
				C5DA53EF219EDB960022A3B6 /* TennisMatchTests.xctest */,
				C5DA53FA219EDB960022A3B6 /* TennisMatchUITests.xctest */,
			);
			name = Products;
			sourceTree = "<group>";
		};
		C5DA53DD219EDB950022A3B6 /* TennisMatch */ = {
			isa = PBXGroup;
			children = (
				C55AB7E921B14C0C00AD84E0 /* TennisMatch.entitlements */,
				C5DA53E2219EDB950022A3B6 /* Main.storyboard */,
				C539872F21BA86D900DAEEC8 /* Login.storyboard */,
				C5F831FC21E8989F0048AEFF /* TestLoginViewController.swift */,
				C5DA53DE219EDB950022A3B6 /* AppDelegate.swift */,
				C5F831FE21E8B14A0048AEFF /* LoginViewControllerS.swift */,
				C5DA5414219EE0010022A3B6 /* InviteContentsViewController.swift */,
				C5DA5416219EE00A0022A3B6 /* PostViewController.swift */,
				C5DA5418219EE0240022A3B6 /* SearchViewController.swift */,
				C5DA541A219EE04C0022A3B6 /* SearchViewControllerTableViewCell.swift */,
				C5DA541C219EE0690022A3B6 /* JoinViewController.swift */,
				C5DA541E219EE0870022A3B6 /* Post.swift */,
				C5DA53E5219EDB960022A3B6 /* Assets.xcassets */,
				C539872B21BA7BF000DAEEC8 /* blue-blurred-background.jpg */,
				C5DA53E7219EDB960022A3B6 /* LaunchScreen.storyboard */,
				C5DA53EA219EDB960022A3B6 /* Info.plist */,
				C5DA540C219EDD1A0022A3B6 /* GoogleService-Info.plist */,
			);
			path = TennisMatch;
			sourceTree = "<group>";
		};
		C5DA53F2219EDB960022A3B6 /* TennisMatchTests */ = {
			isa = PBXGroup;
			children = (
				C5DA53F3219EDB960022A3B6 /* TennisMatchTests.swift */,
				C5DA53F5219EDB960022A3B6 /* Info.plist */,
			);
			path = TennisMatchTests;
			sourceTree = "<group>";
		};
		C5DA53FD219EDB960022A3B6 /* TennisMatchUITests */ = {
			isa = PBXGroup;
			children = (
				C5DA53FE219EDB960022A3B6 /* TennisMatchUITests.swift */,
				C5DA5400219EDB960022A3B6 /* Info.plist */,
			);
			path = TennisMatchUITests;
			sourceTree = "<group>";
		};
/* End PBXGroup section */

/* Begin PBXNativeTarget section */
		C5DA53DA219EDB950022A3B6 /* TennisMatch */ = {
			isa = PBXNativeTarget;
			buildConfigurationList = C5DA5403219EDB960022A3B6 /* Build configuration list for PBXNativeTarget "TennisMatch" */;
			buildPhases = (
				0F47E40E81EA5DB6B53DAC3F /* [CP] Check Pods Manifest.lock */,
				C5DA53D7219EDB950022A3B6 /* Sources */,
				C5DA53D8219EDB950022A3B6 /* Frameworks */,
				C5DA53D9219EDB950022A3B6 /* Resources */,
				3E6D35DC76D49785ABCE339C /* [CP] Embed Pods Frameworks */,
				3FC25F9ED11D4243244CB7F6 /* [CP] Copy Pods Resources */,
			);
			buildRules = (
			);
			dependencies = (
			);
			name = TennisMatch;
			productName = TennisMatch;
			productReference = C5DA53DB219EDB950022A3B6 /* TennisMatch.app */;
			productType = "com.apple.product-type.application";
		};
		C5DA53EE219EDB960022A3B6 /* TennisMatchTests */ = {
			isa = PBXNativeTarget;
			buildConfigurationList = C5DA5406219EDB960022A3B6 /* Build configuration list for PBXNativeTarget "TennisMatchTests" */;
			buildPhases = (
				C3F1F38B4448F9FBFB6B66FD /* [CP] Check Pods Manifest.lock */,
				C5DA53EB219EDB960022A3B6 /* Sources */,
				C5DA53EC219EDB960022A3B6 /* Frameworks */,
				C5DA53ED219EDB960022A3B6 /* Resources */,
			);
			buildRules = (
			);
			dependencies = (
				C5DA53F1219EDB960022A3B6 /* PBXTargetDependency */,
			);
			name = TennisMatchTests;
			productName = TennisMatchTests;
			productReference = C5DA53EF219EDB960022A3B6 /* TennisMatchTests.xctest */;
			productType = "com.apple.product-type.bundle.unit-test";
		};
		C5DA53F9219EDB960022A3B6 /* TennisMatchUITests */ = {
			isa = PBXNativeTarget;
			buildConfigurationList = C5DA5409219EDB960022A3B6 /* Build configuration list for PBXNativeTarget "TennisMatchUITests" */;
			buildPhases = (
				C7604C1D61E2411E70EE2857 /* [CP] Check Pods Manifest.lock */,
				C5DA53F6219EDB960022A3B6 /* Sources */,
				C5DA53F7219EDB960022A3B6 /* Frameworks */,
				C5DA53F8219EDB960022A3B6 /* Resources */,
			);
			buildRules = (
			);
			dependencies = (
				C5DA53FC219EDB960022A3B6 /* PBXTargetDependency */,
			);
			name = TennisMatchUITests;
			productName = TennisMatchUITests;
			productReference = C5DA53FA219EDB960022A3B6 /* TennisMatchUITests.xctest */;
			productType = "com.apple.product-type.bundle.ui-testing";
		};
/* End PBXNativeTarget section */

/* Begin PBXProject section */
		C5DA53D3219EDB950022A3B6 /* Project object */ = {
			isa = PBXProject;
			attributes = {
				LastSwiftUpdateCheck = 1010;
				LastUpgradeCheck = 1010;
				ORGANIZATIONNAME = "剱物蒼太";
				TargetAttributes = {
					C5DA53DA219EDB950022A3B6 = {
						CreatedOnToolsVersion = 10.1;
						SystemCapabilities = {
							com.apple.Push = {
								enabled = 1;
							};
						};
					};
					C5DA53EE219EDB960022A3B6 = {
						CreatedOnToolsVersion = 10.1;
						TestTargetID = C5DA53DA219EDB950022A3B6;
					};
					C5DA53F9219EDB960022A3B6 = {
						CreatedOnToolsVersion = 10.1;
						TestTargetID = C5DA53DA219EDB950022A3B6;
					};
				};
			};
			buildConfigurationList = C5DA53D6219EDB950022A3B6 /* Build configuration list for PBXProject "TennisMatch" */;
			compatibilityVersion = "Xcode 9.3";
			developmentRegion = en;
			hasScannedForEncodings = 0;
			knownRegions = (
				en,
				Base,
			);
			mainGroup = C5DA53D2219EDB950022A3B6;
			productRefGroup = C5DA53DC219EDB950022A3B6 /* Products */;
			projectDirPath = "";
			projectRoot = "";
			targets = (
				C5DA53DA219EDB950022A3B6 /* TennisMatch */,
				C5DA53EE219EDB960022A3B6 /* TennisMatchTests */,
				C5DA53F9219EDB960022A3B6 /* TennisMatchUITests */,
			);
		};
/* End PBXProject section */

/* Begin PBXResourcesBuildPhase section */
		C5DA53D9219EDB950022A3B6 /* Resources */ = {
			isa = PBXResourcesBuildPhase;
			buildActionMask = 2147483647;
			files = (
				C5DA53E9219EDB960022A3B6 /* LaunchScreen.storyboard in Resources */,
				C5DA540D219EDD1A0022A3B6 /* GoogleService-Info.plist in Resources */,
				C539873021BA86D900DAEEC8 /* Login.storyboard in Resources */,
				C539872C21BA7BF000DAEEC8 /* blue-blurred-background.jpg in Resources */,
				C5DA53E6219EDB960022A3B6 /* Assets.xcassets in Resources */,
				C5DA53E4219EDB950022A3B6 /* Main.storyboard in Resources */,
			);
			runOnlyForDeploymentPostprocessing = 0;
		};
		C5DA53ED219EDB960022A3B6 /* Resources */ = {
			isa = PBXResourcesBuildPhase;
			buildActionMask = 2147483647;
			files = (
			);
			runOnlyForDeploymentPostprocessing = 0;
		};
		C5DA53F8219EDB960022A3B6 /* Resources */ = {
			isa = PBXResourcesBuildPhase;
			buildActionMask = 2147483647;
			files = (
			);
			runOnlyForDeploymentPostprocessing = 0;
		};
/* End PBXResourcesBuildPhase section */

/* Begin PBXShellScriptBuildPhase section */
		0F47E40E81EA5DB6B53DAC3F /* [CP] Check Pods Manifest.lock */ = {
			isa = PBXShellScriptBuildPhase;
			buildActionMask = 2147483647;
			files = (
			);
			inputPaths = (
				"${PODS_PODFILE_DIR_PATH}/Podfile.lock",
				"${PODS_ROOT}/Manifest.lock",
			);
			name = "[CP] Check Pods Manifest.lock";
			outputPaths = (
				"$(DERIVED_FILE_DIR)/Pods-TennisMatch-checkManifestLockResult.txt",
			);
			runOnlyForDeploymentPostprocessing = 0;
			shellPath = /bin/sh;
			shellScript = "diff \"${PODS_PODFILE_DIR_PATH}/Podfile.lock\" \"${PODS_ROOT}/Manifest.lock\" > /dev/null\nif [ $? != 0 ] ; then\n    # print error to STDERR\n    echo \"error: The sandbox is not in sync with the Podfile.lock. Run 'pod install' or update your CocoaPods installation.\" >&2\n    exit 1\nfi\n# This output is used by Xcode 'outputs' to avoid re-running this script phase.\necho \"SUCCESS\" > \"${SCRIPT_OUTPUT_FILE_0}\"\n";
			showEnvVarsInLog = 0;
		};
		3E6D35DC76D49785ABCE339C /* [CP] Embed Pods Frameworks */ = {
			isa = PBXShellScriptBuildPhase;
			buildActionMask = 2147483647;
			files = (
			);
			inputPaths = (
				"${SRCROOT}/Pods/Target Support Files/Pods-TennisMatch/Pods-TennisMatch-frameworks.sh",
				"${BUILT_PRODUCTS_DIR}/GTMOAuth2/GTMOAuth2.framework",
				"${BUILT_PRODUCTS_DIR}/GTMSessionFetcher/GTMSessionFetcher.framework",
				"${BUILT_PRODUCTS_DIR}/GoogleToolboxForMac/GoogleToolboxForMac.framework",
				"${BUILT_PRODUCTS_DIR}/GoogleUtilities/GoogleUtilities.framework",
				"${BUILT_PRODUCTS_DIR}/Protobuf/Protobuf.framework",
				"${BUILT_PRODUCTS_DIR}/leveldb-library/leveldb.framework",
				"${BUILT_PRODUCTS_DIR}/nanopb/nanopb.framework",
			);
			name = "[CP] Embed Pods Frameworks";
			outputPaths = (
				"${TARGET_BUILD_DIR}/${FRAMEWORKS_FOLDER_PATH}/GTMOAuth2.framework",
				"${TARGET_BUILD_DIR}/${FRAMEWORKS_FOLDER_PATH}/GTMSessionFetcher.framework",
				"${TARGET_BUILD_DIR}/${FRAMEWORKS_FOLDER_PATH}/GoogleToolboxForMac.framework",
				"${TARGET_BUILD_DIR}/${FRAMEWORKS_FOLDER_PATH}/GoogleUtilities.framework",
				"${TARGET_BUILD_DIR}/${FRAMEWORKS_FOLDER_PATH}/Protobuf.framework",
				"${TARGET_BUILD_DIR}/${FRAMEWORKS_FOLDER_PATH}/leveldb.framework",
				"${TARGET_BUILD_DIR}/${FRAMEWORKS_FOLDER_PATH}/nanopb.framework",
			);
			runOnlyForDeploymentPostprocessing = 0;
			shellPath = /bin/sh;
			shellScript = "\"${SRCROOT}/Pods/Target Support Files/Pods-TennisMatch/Pods-TennisMatch-frameworks.sh\"\n";
			showEnvVarsInLog = 0;
		};
		3FC25F9ED11D4243244CB7F6 /* [CP] Copy Pods Resources */ = {
			isa = PBXShellScriptBuildPhase;
			buildActionMask = 2147483647;
			files = (
			);
			inputPaths = (
				"${SRCROOT}/Pods/Target Support Files/Pods-TennisMatch/Pods-TennisMatch-resources.sh",
				"${PODS_ROOT}/GoogleSignIn/Resources/GoogleSignIn.bundle",
			);
			name = "[CP] Copy Pods Resources";
			outputPaths = (
				"${TARGET_BUILD_DIR}/${UNLOCALIZED_RESOURCES_FOLDER_PATH}/GoogleSignIn.bundle",
			);
			runOnlyForDeploymentPostprocessing = 0;
			shellPath = /bin/sh;
			shellScript = "\"${SRCROOT}/Pods/Target Support Files/Pods-TennisMatch/Pods-TennisMatch-resources.sh\"\n";
			showEnvVarsInLog = 0;
		};
		C3F1F38B4448F9FBFB6B66FD /* [CP] Check Pods Manifest.lock */ = {
			isa = PBXShellScriptBuildPhase;
			buildActionMask = 2147483647;
			files = (
			);
			inputPaths = (
				"${PODS_PODFILE_DIR_PATH}/Podfile.lock",
				"${PODS_ROOT}/Manifest.lock",
			);
			name = "[CP] Check Pods Manifest.lock";
			outputPaths = (
				"$(DERIVED_FILE_DIR)/Pods-TennisMatchTests-checkManifestLockResult.txt",
			);
			runOnlyForDeploymentPostprocessing = 0;
			shellPath = /bin/sh;
			shellScript = "diff \"${PODS_PODFILE_DIR_PATH}/Podfile.lock\" \"${PODS_ROOT}/Manifest.lock\" > /dev/null\nif [ $? != 0 ] ; then\n    # print error to STDERR\n    echo \"error: The sandbox is not in sync with the Podfile.lock. Run 'pod install' or update your CocoaPods installation.\" >&2\n    exit 1\nfi\n# This output is used by Xcode 'outputs' to avoid re-running this script phase.\necho \"SUCCESS\" > \"${SCRIPT_OUTPUT_FILE_0}\"\n";
			showEnvVarsInLog = 0;
		};
		C7604C1D61E2411E70EE2857 /* [CP] Check Pods Manifest.lock */ = {
			isa = PBXShellScriptBuildPhase;
			buildActionMask = 2147483647;
			files = (
			);
			inputPaths = (
				"${PODS_PODFILE_DIR_PATH}/Podfile.lock",
				"${PODS_ROOT}/Manifest.lock",
			);
			name = "[CP] Check Pods Manifest.lock";
			outputPaths = (
				"$(DERIVED_FILE_DIR)/Pods-TennisMatchUITests-checkManifestLockResult.txt",
			);
			runOnlyForDeploymentPostprocessing = 0;
			shellPath = /bin/sh;
			shellScript = "diff \"${PODS_PODFILE_DIR_PATH}/Podfile.lock\" \"${PODS_ROOT}/Manifest.lock\" > /dev/null\nif [ $? != 0 ] ; then\n    # print error to STDERR\n    echo \"error: The sandbox is not in sync with the Podfile.lock. Run 'pod install' or update your CocoaPods installation.\" >&2\n    exit 1\nfi\n# This output is used by Xcode 'outputs' to avoid re-running this script phase.\necho \"SUCCESS\" > \"${SCRIPT_OUTPUT_FILE_0}\"\n";
			showEnvVarsInLog = 0;
		};
/* End PBXShellScriptBuildPhase section */

/* Begin PBXSourcesBuildPhase section */
		C5DA53D7219EDB950022A3B6 /* Sources */ = {
			isa = PBXSourcesBuildPhase;
			buildActionMask = 2147483647;
			files = (
				C5DA5417219EE00A0022A3B6 /* PostViewController.swift in Sources */,
				C5F831FD21E8989F0048AEFF /* TestLoginViewController.swift in Sources */,
				C5F831FF21E8B14A0048AEFF /* LoginViewControllerS.swift in Sources */,
				C5DA5419219EE0240022A3B6 /* SearchViewController.swift in Sources */,
				C5DA541B219EE04C0022A3B6 /* SearchViewControllerTableViewCell.swift in Sources */,
				C5DA541D219EE0690022A3B6 /* JoinViewController.swift in Sources */,
				C5DA53DF219EDB950022A3B6 /* AppDelegate.swift in Sources */,
				C5DA5415219EE0010022A3B6 /* InviteContentsViewController.swift in Sources */,
				C5DA541F219EE0870022A3B6 /* Post.swift in Sources */,
			);
			runOnlyForDeploymentPostprocessing = 0;
		};
		C5DA53EB219EDB960022A3B6 /* Sources */ = {
			isa = PBXSourcesBuildPhase;
			buildActionMask = 2147483647;
			files = (
				C5DA53F4219EDB960022A3B6 /* TennisMatchTests.swift in Sources */,
			);
			runOnlyForDeploymentPostprocessing = 0;
		};
		C5DA53F6219EDB960022A3B6 /* Sources */ = {
			isa = PBXSourcesBuildPhase;
			buildActionMask = 2147483647;
			files = (
				C5DA53FF219EDB960022A3B6 /* TennisMatchUITests.swift in Sources */,
			);
			runOnlyForDeploymentPostprocessing = 0;
		};
/* End PBXSourcesBuildPhase section */

/* Begin PBXTargetDependency section */
		C5DA53F1219EDB960022A3B6 /* PBXTargetDependency */ = {
			isa = PBXTargetDependency;
			target = C5DA53DA219EDB950022A3B6 /* TennisMatch */;
			targetProxy = C5DA53F0219EDB960022A3B6 /* PBXContainerItemProxy */;
		};
		C5DA53FC219EDB960022A3B6 /* PBXTargetDependency */ = {
			isa = PBXTargetDependency;
			target = C5DA53DA219EDB950022A3B6 /* TennisMatch */;
			targetProxy = C5DA53FB219EDB960022A3B6 /* PBXContainerItemProxy */;
		};
/* End PBXTargetDependency section */

/* Begin PBXVariantGroup section */
		C5DA53E2219EDB950022A3B6 /* Main.storyboard */ = {
			isa = PBXVariantGroup;
			children = (
				C5DA53E3219EDB950022A3B6 /* Base */,
			);
			name = Main.storyboard;
			sourceTree = "<group>";
		};
		C5DA53E7219EDB960022A3B6 /* LaunchScreen.storyboard */ = {
			isa = PBXVariantGroup;
			children = (
				C5DA53E8219EDB960022A3B6 /* Base */,
			);
			name = LaunchScreen.storyboard;
			sourceTree = "<group>";
		};
/* End PBXVariantGroup section */

/* Begin XCBuildConfiguration section */
		C5DA5401219EDB960022A3B6 /* Debug */ = {
			isa = XCBuildConfiguration;
			buildSettings = {
				ALWAYS_SEARCH_USER_PATHS = NO;
				CLANG_ANALYZER_NONNULL = YES;
				CLANG_ANALYZER_NUMBER_OBJECT_CONVERSION = YES_AGGRESSIVE;
				CLANG_CXX_LANGUAGE_STANDARD = "gnu++14";
				CLANG_CXX_LIBRARY = "libc++";
				CLANG_ENABLE_MODULES = YES;
				CLANG_ENABLE_OBJC_ARC = YES;
				CLANG_ENABLE_OBJC_WEAK = YES;
				CLANG_WARN_BLOCK_CAPTURE_AUTORELEASING = YES;
				CLANG_WARN_BOOL_CONVERSION = YES;
				CLANG_WARN_COMMA = YES;
				CLANG_WARN_CONSTANT_CONVERSION = YES;
				CLANG_WARN_DEPRECATED_OBJC_IMPLEMENTATIONS = YES;
				CLANG_WARN_DIRECT_OBJC_ISA_USAGE = YES_ERROR;
				CLANG_WARN_DOCUMENTATION_COMMENTS = YES;
				CLANG_WARN_EMPTY_BODY = YES;
				CLANG_WARN_ENUM_CONVERSION = YES;
				CLANG_WARN_INFINITE_RECURSION = YES;
				CLANG_WARN_INT_CONVERSION = YES;
				CLANG_WARN_NON_LITERAL_NULL_CONVERSION = YES;
				CLANG_WARN_OBJC_IMPLICIT_RETAIN_SELF = YES;
				CLANG_WARN_OBJC_LITERAL_CONVERSION = YES;
				CLANG_WARN_OBJC_ROOT_CLASS = YES_ERROR;
				CLANG_WARN_RANGE_LOOP_ANALYSIS = YES;
				CLANG_WARN_STRICT_PROTOTYPES = YES;
				CLANG_WARN_SUSPICIOUS_MOVE = YES;
				CLANG_WARN_UNGUARDED_AVAILABILITY = YES_AGGRESSIVE;
				CLANG_WARN_UNREACHABLE_CODE = YES;
				CLANG_WARN__DUPLICATE_METHOD_MATCH = YES;
				CODE_SIGN_IDENTITY = "iPhone Developer";
				COPY_PHASE_STRIP = NO;
				DEBUG_INFORMATION_FORMAT = dwarf;
				ENABLE_STRICT_OBJC_MSGSEND = YES;
				ENABLE_TESTABILITY = YES;
				GCC_C_LANGUAGE_STANDARD = gnu11;
				GCC_DYNAMIC_NO_PIC = NO;
				GCC_NO_COMMON_BLOCKS = YES;
				GCC_OPTIMIZATION_LEVEL = 0;
				GCC_PREPROCESSOR_DEFINITIONS = (
					"DEBUG=1",
					"$(inherited)",
				);
				GCC_WARN_64_TO_32_BIT_CONVERSION = YES;
				GCC_WARN_ABOUT_RETURN_TYPE = YES_ERROR;
				GCC_WARN_UNDECLARED_SELECTOR = YES;
				GCC_WARN_UNINITIALIZED_AUTOS = YES_AGGRESSIVE;
				GCC_WARN_UNUSED_FUNCTION = YES;
				GCC_WARN_UNUSED_VARIABLE = YES;
				IPHONEOS_DEPLOYMENT_TARGET = 12.1;
				MTL_ENABLE_DEBUG_INFO = INCLUDE_SOURCE;
				MTL_FAST_MATH = YES;
				ONLY_ACTIVE_ARCH = YES;
				SDKROOT = iphoneos;
				SWIFT_ACTIVE_COMPILATION_CONDITIONS = DEBUG;
				SWIFT_OPTIMIZATION_LEVEL = "-Onone";
			};
			name = Debug;
		};
		C5DA5402219EDB960022A3B6 /* Release */ = {
			isa = XCBuildConfiguration;
			buildSettings = {
				ALWAYS_SEARCH_USER_PATHS = NO;
				CLANG_ANALYZER_NONNULL = YES;
				CLANG_ANALYZER_NUMBER_OBJECT_CONVERSION = YES_AGGRESSIVE;
				CLANG_CXX_LANGUAGE_STANDARD = "gnu++14";
				CLANG_CXX_LIBRARY = "libc++";
				CLANG_ENABLE_MODULES = YES;
				CLANG_ENABLE_OBJC_ARC = YES;
				CLANG_ENABLE_OBJC_WEAK = YES;
				CLANG_WARN_BLOCK_CAPTURE_AUTORELEASING = YES;
				CLANG_WARN_BOOL_CONVERSION = YES;
				CLANG_WARN_COMMA = YES;
				CLANG_WARN_CONSTANT_CONVERSION = YES;
				CLANG_WARN_DEPRECATED_OBJC_IMPLEMENTATIONS = YES;
				CLANG_WARN_DIRECT_OBJC_ISA_USAGE = YES_ERROR;
				CLANG_WARN_DOCUMENTATION_COMMENTS = YES;
				CLANG_WARN_EMPTY_BODY = YES;
				CLANG_WARN_ENUM_CONVERSION = YES;
				CLANG_WARN_INFINITE_RECURSION = YES;
				CLANG_WARN_INT_CONVERSION = YES;
				CLANG_WARN_NON_LITERAL_NULL_CONVERSION = YES;
				CLANG_WARN_OBJC_IMPLICIT_RETAIN_SELF = YES;
				CLANG_WARN_OBJC_LITERAL_CONVERSION = YES;
				CLANG_WARN_OBJC_ROOT_CLASS = YES_ERROR;
				CLANG_WARN_RANGE_LOOP_ANALYSIS = YES;
				CLANG_WARN_STRICT_PROTOTYPES = YES;
				CLANG_WARN_SUSPICIOUS_MOVE = YES;
				CLANG_WARN_UNGUARDED_AVAILABILITY = YES_AGGRESSIVE;
				CLANG_WARN_UNREACHABLE_CODE = YES;
				CLANG_WARN__DUPLICATE_METHOD_MATCH = YES;
				CODE_SIGN_IDENTITY = "iPhone Developer";
				COPY_PHASE_STRIP = NO;
				DEBUG_INFORMATION_FORMAT = "dwarf-with-dsym";
				ENABLE_NS_ASSERTIONS = NO;
				ENABLE_STRICT_OBJC_MSGSEND = YES;
				GCC_C_LANGUAGE_STANDARD = gnu11;
				GCC_NO_COMMON_BLOCKS = YES;
				GCC_WARN_64_TO_32_BIT_CONVERSION = YES;
				GCC_WARN_ABOUT_RETURN_TYPE = YES_ERROR;
				GCC_WARN_UNDECLARED_SELECTOR = YES;
				GCC_WARN_UNINITIALIZED_AUTOS = YES_AGGRESSIVE;
				GCC_WARN_UNUSED_FUNCTION = YES;
				GCC_WARN_UNUSED_VARIABLE = YES;
				IPHONEOS_DEPLOYMENT_TARGET = 12.1;
				MTL_ENABLE_DEBUG_INFO = NO;
				MTL_FAST_MATH = YES;
				SDKROOT = iphoneos;
				SWIFT_COMPILATION_MODE = wholemodule;
				SWIFT_OPTIMIZATION_LEVEL = "-O";
				VALIDATE_PRODUCT = YES;
			};
			name = Release;
		};
		C5DA5404219EDB960022A3B6 /* Debug */ = {
			isa = XCBuildConfiguration;
			baseConfigurationReference = B1B441FA534F1267A86F3399 /* Pods-TennisMatch.debug.xcconfig */;
			buildSettings = {
				ASSETCATALOG_COMPILER_APPICON_NAME = AppIcon;
				CODE_SIGN_ENTITLEMENTS = TennisMatch/TennisMatch.entitlements;
				CODE_SIGN_STYLE = Automatic;
				DEVELOPMENT_TEAM = JSD2CKK4KF;
				INFOPLIST_FILE = TennisMatch/Info.plist;
				LD_RUNPATH_SEARCH_PATHS = (
					"$(inherited)",
					"@executable_path/Frameworks",
				);
				PRODUCT_BUNDLE_IDENTIFIER = com.litech.TennisMatch;
				PRODUCT_NAME = "$(TARGET_NAME)";
				SWIFT_VERSION = 4.2;
				TARGETED_DEVICE_FAMILY = "1,2";
			};
			name = Debug;
		};
		C5DA5405219EDB960022A3B6 /* Release */ = {
			isa = XCBuildConfiguration;
			baseConfigurationReference = EF1889851E0116FE6415377F /* Pods-TennisMatch.release.xcconfig */;
			buildSettings = {
				ASSETCATALOG_COMPILER_APPICON_NAME = AppIcon;
				CODE_SIGN_ENTITLEMENTS = TennisMatch/TennisMatch.entitlements;
				CODE_SIGN_STYLE = Automatic;
				DEVELOPMENT_TEAM = JSD2CKK4KF;
				INFOPLIST_FILE = TennisMatch/Info.plist;
				LD_RUNPATH_SEARCH_PATHS = (
					"$(inherited)",
					"@executable_path/Frameworks",
				);
				PRODUCT_BUNDLE_IDENTIFIER = com.litech.TennisMatch;
				PRODUCT_NAME = "$(TARGET_NAME)";
				SWIFT_VERSION = 4.2;
				TARGETED_DEVICE_FAMILY = "1,2";
			};
			name = Release;
		};
		C5DA5407219EDB960022A3B6 /* Debug */ = {
			isa = XCBuildConfiguration;
			baseConfigurationReference = 894B4B3705FE66EFA6AF0194 /* Pods-TennisMatchTests.debug.xcconfig */;
			buildSettings = {
				ALWAYS_EMBED_SWIFT_STANDARD_LIBRARIES = YES;
				BUNDLE_LOADER = "$(TEST_HOST)";
				CODE_SIGN_STYLE = Automatic;
				INFOPLIST_FILE = TennisMatchTests/Info.plist;
				LD_RUNPATH_SEARCH_PATHS = (
					"$(inherited)",
					"@executable_path/Frameworks",
					"@loader_path/Frameworks",
				);
				PRODUCT_BUNDLE_IDENTIFIER = com.litech.TennisMatchTests;
				PRODUCT_NAME = "$(TARGET_NAME)";
				SWIFT_VERSION = 4.2;
				TARGETED_DEVICE_FAMILY = "1,2";
				TEST_HOST = "$(BUILT_PRODUCTS_DIR)/TennisMatch.app/TennisMatch";
			};
			name = Debug;
		};
		C5DA5408219EDB960022A3B6 /* Release */ = {
			isa = XCBuildConfiguration;
			baseConfigurationReference = 58FCF754487CFF72182DE9A8 /* Pods-TennisMatchTests.release.xcconfig */;
			buildSettings = {
				ALWAYS_EMBED_SWIFT_STANDARD_LIBRARIES = YES;
				BUNDLE_LOADER = "$(TEST_HOST)";
				CODE_SIGN_STYLE = Automatic;
				INFOPLIST_FILE = TennisMatchTests/Info.plist;
				LD_RUNPATH_SEARCH_PATHS = (
					"$(inherited)",
					"@executable_path/Frameworks",
					"@loader_path/Frameworks",
				);
				PRODUCT_BUNDLE_IDENTIFIER = com.litech.TennisMatchTests;
				PRODUCT_NAME = "$(TARGET_NAME)";
				SWIFT_VERSION = 4.2;
				TARGETED_DEVICE_FAMILY = "1,2";
				TEST_HOST = "$(BUILT_PRODUCTS_DIR)/TennisMatch.app/TennisMatch";
			};
			name = Release;
		};
		C5DA540A219EDB960022A3B6 /* Debug */ = {
			isa = XCBuildConfiguration;
			baseConfigurationReference = 6320D7CBE5A2ED00EEA4E340 /* Pods-TennisMatchUITests.debug.xcconfig */;
			buildSettings = {
				ALWAYS_EMBED_SWIFT_STANDARD_LIBRARIES = YES;
				CODE_SIGN_STYLE = Automatic;
				INFOPLIST_FILE = TennisMatchUITests/Info.plist;
				LD_RUNPATH_SEARCH_PATHS = (
					"$(inherited)",
					"@executable_path/Frameworks",
					"@loader_path/Frameworks",
				);
				PRODUCT_BUNDLE_IDENTIFIER = com.litech.TennisMatchUITests;
				PRODUCT_NAME = "$(TARGET_NAME)";
				SWIFT_VERSION = 4.2;
				TARGETED_DEVICE_FAMILY = "1,2";
				TEST_TARGET_NAME = TennisMatch;
			};
			name = Debug;
		};
		C5DA540B219EDB960022A3B6 /* Release */ = {
			isa = XCBuildConfiguration;
			baseConfigurationReference = 236791B27DA4E72CB658DE69 /* Pods-TennisMatchUITests.release.xcconfig */;
			buildSettings = {
				ALWAYS_EMBED_SWIFT_STANDARD_LIBRARIES = YES;
				CODE_SIGN_STYLE = Automatic;
				INFOPLIST_FILE = TennisMatchUITests/Info.plist;
				LD_RUNPATH_SEARCH_PATHS = (
					"$(inherited)",
					"@executable_path/Frameworks",
					"@loader_path/Frameworks",
				);
				PRODUCT_BUNDLE_IDENTIFIER = com.litech.TennisMatchUITests;
				PRODUCT_NAME = "$(TARGET_NAME)";
				SWIFT_VERSION = 4.2;
				TARGETED_DEVICE_FAMILY = "1,2";
				TEST_TARGET_NAME = TennisMatch;
			};
			name = Release;
		};
/* End XCBuildConfiguration section */

/* Begin XCConfigurationList section */
		C5DA53D6219EDB950022A3B6 /* Build configuration list for PBXProject "TennisMatch" */ = {
			isa = XCConfigurationList;
			buildConfigurations = (
				C5DA5401219EDB960022A3B6 /* Debug */,
				C5DA5402219EDB960022A3B6 /* Release */,
			);
			defaultConfigurationIsVisible = 0;
			defaultConfigurationName = Release;
		};
		C5DA5403219EDB960022A3B6 /* Build configuration list for PBXNativeTarget "TennisMatch" */ = {
			isa = XCConfigurationList;
			buildConfigurations = (
				C5DA5404219EDB960022A3B6 /* Debug */,
				C5DA5405219EDB960022A3B6 /* Release */,
			);
			defaultConfigurationIsVisible = 0;
			defaultConfigurationName = Release;
		};
		C5DA5406219EDB960022A3B6 /* Build configuration list for PBXNativeTarget "TennisMatchTests" */ = {
			isa = XCConfigurationList;
			buildConfigurations = (
				C5DA5407219EDB960022A3B6 /* Debug */,
				C5DA5408219EDB960022A3B6 /* Release */,
			);
			defaultConfigurationIsVisible = 0;
			defaultConfigurationName = Release;
		};
		C5DA5409219EDB960022A3B6 /* Build configuration list for PBXNativeTarget "TennisMatchUITests" */ = {
			isa = XCConfigurationList;
			buildConfigurations = (
				C5DA540A219EDB960022A3B6 /* Debug */,
				C5DA540B219EDB960022A3B6 /* Release */,
			);
			defaultConfigurationIsVisible = 0;
			defaultConfigurationName = Release;
		};
/* End XCConfigurationList section */
	};
	rootObject = C5DA53D3219EDB950022A3B6 /* Project object */;
}
